
Microsoft Visual Studio Solution File, Format Version 12.00
# Visual Studio 2013
VisualStudioVersion = 12.0.21005.1
MinimumVisualStudioVersion = 10.0.40219.1
Project("{8BC9CEB8-8B4A-11D0-8D11-00A0C91BC942}") = "循环链表", "循环链表\循环链表.vcxproj", "{1FD37838-A6FB-4DF4-B584-5622873A4020}"
EndProject
Project("{8BC9CEB8-8B4A-11D0-8D11-00A0C91BC942}") = "单链表检测是否有环", "单链表检测是否有环\单链表检测是否有环.vcxproj", "{55566555-E256-4F09-8404-02C3F7D0E6F1}"
EndProject
Project("{8BC9CEB8-8B4A-11D0-8D11-00A0C91BC942}") = "栈的实现", "栈的实现\栈的实现.vcxproj", "{9E9C804B-7D0E-4DFD-9686-24A6738A9245}"
EndProject
Project("{8BC9CEB8-8B4A-11D0-8D11-00A0C91BC942}") = "逆波兰表达式", "逆波兰表达式\逆波兰表达式.vcxproj", "{3C1F043C-569A-478C-BEB0-B15A36495925}"
EndProject
Project("{8BC9CEB8-8B4A-11D0-8D11-00A0C91BC942}") = "队列的实现", "队列的实现\队列的实现.vcxproj", "{265A7542-C1DF-486A-A4AE-F4F4C6F1C6CC}"
EndProject
Project("{8BC9CEB8-8B4A-11D0-8D11-00A0C91BC942}") = "菲波那切数列", "菲波那切数列\菲波那切数列.vcxproj", "{70D86FDA-7C4E-4512-A9E8-087F8733970D}"
EndProject
Project("{8BC9CEB8-8B4A-11D0-8D11-00A0C91BC942}") = "递归实现数组逆序", "递归实现数组逆序\递归实现数组逆序.vcxproj", "{5EA465C1-E5DE-49E0-BCF8-3B155F0FFC33}"
EndProject
Project("{8BC9CEB8-8B4A-11D0-8D11-00A0C91BC942}") = "34递归实现二分法", "34递归实现二分法\34递归实现二分法.vcxproj", "{1F1B2A34-891B-420F-BB7B-01DF65178E96}"
EndProject
Project("{8BC9CEB8-8B4A-11D0-8D11-00A0C91BC942}") = "34汉诺塔", "34汉诺塔\34汉诺塔.vcxproj", "{3546B109-5F8B-4D67-B9C5-2A4C53EF657E}"
EndProject
Project("{8BC9CEB8-8B4A-11D0-8D11-00A0C91BC942}") = "36字符串匹配", "36字符串匹配\36字符串匹配.vcxproj", "{96258A7C-31AA-4FD4-8C11-ACAAA5DFE44E}"
EndProject
Project("{8BC9CEB8-8B4A-11D0-8D11-00A0C91BC942}") = "37KMP算法", "37KMP算法\37KMP算法.vcxproj", "{888EA0C6-EBFB-4498-8382-809F18E7D7E6}"
EndProject
Project("{8BC9CEB8-8B4A-11D0-8D11-00A0C91BC942}") = "43双亲孩子表示法", "43双亲孩子表示法\43双亲孩子表示法.vcxproj", "{C349F46B-0860-4FE6-BFDA-66D8CC768599}"
EndProject
Project("{8BC9CEB8-8B4A-11D0-8D11-00A0C91BC942}") = "48二叉树建立与遍历", "48二叉树建立\48二叉树建立.vcxproj", "{9EAD5C4C-4276-40F5-BA82-EF279C2DBF82}"
EndProject
Project("{8BC9CEB8-8B4A-11D0-8D11-00A0C91BC942}") = "50线索二叉树实现", "50线索二叉树实现\50线索二叉树实现.vcxproj", "{AAA8A252-2A0A-402A-A639-176ED040CCA7}"
EndProject
Project("{8BC9CEB8-8B4A-11D0-8D11-00A0C91BC942}") = "54赫夫曼编码", "54赫夫曼编码\54赫夫曼编码.vcxproj", "{E26E36E4-4C7D-443F-AB70-7477DB774082}"
EndProject
Project("{8BC9CEB8-8B4A-11D0-8D11-00A0C91BC942}") = "14静态链表", "14静态链表\14静态链表.vcxproj", "{19226C00-EFF9-48FA-8A75-3F1642F5AE9C}"
EndProject
Project("{8BC9CEB8-8B4A-11D0-8D11-00A0C91BC942}") = "58树的邻接表存储", "58树的邻接表存储\58树的邻接表存储.vcxproj", "{B17AA49D-1701-4B6D-8152-1EB436F8576C}"
EndProject
Project("{8BC9CEB8-8B4A-11D0-8D11-00A0C91BC942}") = "60深度优先遍历(DFS)", "60深度优先遍历(DFS)\60深度优先遍历(DFS).vcxproj", "{EE9C77EE-2404-4E69-BD66-D07586484C30}"
EndProject
Global
	GlobalSection(SolutionConfigurationPlatforms) = preSolution
		Debug|Win32 = Debug|Win32
		Debug|x64 = Debug|x64
		Release|Win32 = Release|Win32
		Release|x64 = Release|x64
	EndGlobalSection
	GlobalSection(ProjectConfigurationPlatforms) = postSolution
		{1FD37838-A6FB-4DF4-B584-5622873A4020}.Debug|Win32.ActiveCfg = Debug|Win32
		{1FD37838-A6FB-4DF4-B584-5622873A4020}.Debug|Win32.Build.0 = Debug|Win32
		{1FD37838-A6FB-4DF4-B584-5622873A4020}.Debug|x64.ActiveCfg = Debug|x64
		{1FD37838-A6FB-4DF4-B584-5622873A4020}.Debug|x64.Build.0 = Debug|x64
		{1FD37838-A6FB-4DF4-B584-5622873A4020}.Release|Win32.ActiveCfg = Release|Win32
		{1FD37838-A6FB-4DF4-B584-5622873A4020}.Release|Win32.Build.0 = Release|Win32
		{1FD37838-A6FB-4DF4-B584-5622873A4020}.Release|x64.ActiveCfg = Release|x64
		{1FD37838-A6FB-4DF4-B584-5622873A4020}.Release|x64.Build.0 = Release|x64
		{55566555-E256-4F09-8404-02C3F7D0E6F1}.Debug|Win32.ActiveCfg = Debug|Win32
		{55566555-E256-4F09-8404-02C3F7D0E6F1}.Debug|Win32.Build.0 = Debug|Win32
		{55566555-E256-4F09-8404-02C3F7D0E6F1}.Debug|x64.ActiveCfg = Debug|x64
		{55566555-E256-4F09-8404-02C3F7D0E6F1}.Debug|x64.Build.0 = Debug|x64
		{55566555-E256-4F09-8404-02C3F7D0E6F1}.Release|Win32.ActiveCfg = Release|Win32
		{55566555-E256-4F09-8404-02C3F7D0E6F1}.Release|Win32.Build.0 = Release|Win32
		{55566555-E256-4F09-8404-02C3F7D0E6F1}.Release|x64.ActiveCfg = Release|x64
		{55566555-E256-4F09-8404-02C3F7D0E6F1}.Release|x64.Build.0 = Release|x64
		{9E9C804B-7D0E-4DFD-9686-24A6738A9245}.Debug|Win32.ActiveCfg = Debug|Win32
		{9E9C804B-7D0E-4DFD-9686-24A6738A9245}.Debug|Win32.Build.0 = Debug|Win32
		{9E9C804B-7D0E-4DFD-9686-24A6738A9245}.Debug|x64.ActiveCfg = Debug|x64
		{9E9C804B-7D0E-4DFD-9686-24A6738A9245}.Debug|x64.Build.0 = Debug|x64
		{9E9C804B-7D0E-4DFD-9686-24A6738A9245}.Release|Win32.ActiveCfg = Release|Win32
		{9E9C804B-7D0E-4DFD-9686-24A6738A9245}.Release|Win32.Build.0 = Release|Win32
		{9E9C804B-7D0E-4DFD-9686-24A6738A9245}.Release|x64.ActiveCfg = Release|x64
		{9E9C804B-7D0E-4DFD-9686-24A6738A9245}.Release|x64.Build.0 = Release|x64
		{3C1F043C-569A-478C-BEB0-B15A36495925}.Debug|Win32.ActiveCfg = Debug|Win32
		{3C1F043C-569A-478C-BEB0-B15A36495925}.Debug|Win32.Build.0 = Debug|Win32
		{3C1F043C-569A-478C-BEB0-B15A36495925}.Debug|x64.ActiveCfg = Debug|Win32
		{3C1F043C-569A-478C-BEB0-B15A36495925}.Release|Win32.ActiveCfg = Release|Win32
		{3C1F043C-569A-478C-BEB0-B15A36495925}.Release|Win32.Build.0 = Release|Win32
		{3C1F043C-569A-478C-BEB0-B15A36495925}.Release|x64.ActiveCfg = Release|Win32
		{265A7542-C1DF-486A-A4AE-F4F4C6F1C6CC}.Debug|Win32.ActiveCfg = Debug|Win32
		{265A7542-C1DF-486A-A4AE-F4F4C6F1C6CC}.Debug|Win32.Build.0 = Debug|Win32
		{265A7542-C1DF-486A-A4AE-F4F4C6F1C6CC}.Debug|x64.ActiveCfg = Debug|Win32
		{265A7542-C1DF-486A-A4AE-F4F4C6F1C6CC}.Release|Win32.ActiveCfg = Release|Win32
		{265A7542-C1DF-486A-A4AE-F4F4C6F1C6CC}.Release|Win32.Build.0 = Release|Win32
		{265A7542-C1DF-486A-A4AE-F4F4C6F1C6CC}.Release|x64.ActiveCfg = Release|Win32
		{70D86FDA-7C4E-4512-A9E8-087F8733970D}.Debug|Win32.ActiveCfg = Debug|Win32
		{70D86FDA-7C4E-4512-A9E8-087F8733970D}.Debug|Win32.Build.0 = Debug|Win32
		{70D86FDA-7C4E-4512-A9E8-087F8733970D}.Debug|x64.ActiveCfg = Debug|Win32
		{70D86FDA-7C4E-4512-A9E8-087F8733970D}.Release|Win32.ActiveCfg = Release|Win32
		{70D86FDA-7C4E-4512-A9E8-087F8733970D}.Release|Win32.Build.0 = Release|Win32
		{70D86FDA-7C4E-4512-A9E8-087F8733970D}.Release|x64.ActiveCfg = Release|Win32
		{5EA465C1-E5DE-49E0-BCF8-3B155F0FFC33}.Debug|Win32.ActiveCfg = Debug|Win32
		{5EA465C1-E5DE-49E0-BCF8-3B155F0FFC33}.Debug|Win32.Build.0 = Debug|Win32
		{5EA465C1-E5DE-49E0-BCF8-3B155F0FFC33}.Debug|x64.ActiveCfg = Debug|Win32
		{5EA465C1-E5DE-49E0-BCF8-3B155F0FFC33}.Release|Win32.ActiveCfg = Release|Win32
		{5EA465C1-E5DE-49E0-BCF8-3B155F0FFC33}.Release|Win32.Build.0 = Release|Win32
		{5EA465C1-E5DE-49E0-BCF8-3B155F0FFC33}.Release|x64.ActiveCfg = Release|Win32
		{1F1B2A34-891B-420F-BB7B-01DF65178E96}.Debug|Win32.ActiveCfg = Debug|Win32
		{1F1B2A34-891B-420F-BB7B-01DF65178E96}.Debug|Win32.Build.0 = Debug|Win32
		{1F1B2A34-891B-420F-BB7B-01DF65178E96}.Debug|x64.ActiveCfg = Debug|Win32
		{1F1B2A34-891B-420F-BB7B-01DF65178E96}.Release|Win32.ActiveCfg = Release|Win32
		{1F1B2A34-891B-420F-BB7B-01DF65178E96}.Release|Win32.Build.0 = Release|Win32
		{1F1B2A34-891B-420F-BB7B-01DF65178E96}.Release|x64.ActiveCfg = Release|Win32
		{3546B109-5F8B-4D67-B9C5-2A4C53EF657E}.Debug|Win32.ActiveCfg = Debug|Win32
		{3546B109-5F8B-4D67-B9C5-2A4C53EF657E}.Debug|Win32.Build.0 = Debug|Win32
		{3546B109-5F8B-4D67-B9C5-2A4C53EF657E}.Debug|x64.ActiveCfg = Debug|Win32
		{3546B109-5F8B-4D67-B9C5-2A4C53EF657E}.Release|Win32.ActiveCfg = Release|Win32
		{3546B109-5F8B-4D67-B9C5-2A4C53EF657E}.Release|Win32.Build.0 = Release|Win32
		{3546B109-5F8B-4D67-B9C5-2A4C53EF657E}.Release|x64.ActiveCfg = Release|Win32
		{96258A7C-31AA-4FD4-8C11-ACAAA5DFE44E}.Debug|Win32.ActiveCfg = Debug|Win32
		{96258A7C-31AA-4FD4-8C11-ACAAA5DFE44E}.Debug|Win32.Build.0 = Debug|Win32
		{96258A7C-31AA-4FD4-8C11-ACAAA5DFE44E}.Debug|x64.ActiveCfg = Debug|Win32
		{96258A7C-31AA-4FD4-8C11-ACAAA5DFE44E}.Release|Win32.ActiveCfg = Release|Win32
		{96258A7C-31AA-4FD4-8C11-ACAAA5DFE44E}.Release|Win32.Build.0 = Release|Win32
		{96258A7C-31AA-4FD4-8C11-ACAAA5DFE44E}.Release|x64.ActiveCfg = Release|Win32
		{888EA0C6-EBFB-4498-8382-809F18E7D7E6}.Debug|Win32.ActiveCfg = Debug|Win32
		{888EA0C6-EBFB-4498-8382-809F18E7D7E6}.Debug|Win32.Build.0 = Debug|Win32
		{888EA0C6-EBFB-4498-8382-809F18E7D7E6}.Debug|x64.ActiveCfg = Debug|Win32
		{888EA0C6-EBFB-4498-8382-809F18E7D7E6}.Release|Win32.ActiveCfg = Release|Win32
		{888EA0C6-EBFB-4498-8382-809F18E7D7E6}.Release|Win32.Build.0 = Release|Win32
		{888EA0C6-EBFB-4498-8382-809F18E7D7E6}.Release|x64.ActiveCfg = Release|Win32
		{C349F46B-0860-4FE6-BFDA-66D8CC768599}.Debug|Win32.ActiveCfg = Debug|Win32
		{C349F46B-0860-4FE6-BFDA-66D8CC768599}.Debug|Win32.Build.0 = Debug|Win32
		{C349F46B-0860-4FE6-BFDA-66D8CC768599}.Debug|x64.ActiveCfg = Debug|Win32
		{C349F46B-0860-4FE6-BFDA-66D8CC768599}.Release|Win32.ActiveCfg = Release|Win32
		{C349F46B-0860-4FE6-BFDA-66D8CC768599}.Release|Win32.Build.0 = Release|Win32
		{C349F46B-0860-4FE6-BFDA-66D8CC768599}.Release|x64.ActiveCfg = Release|Win32
		{9EAD5C4C-4276-40F5-BA82-EF279C2DBF82}.Debug|Win32.ActiveCfg = Debug|Win32
		{9EAD5C4C-4276-40F5-BA82-EF279C2DBF82}.Debug|Win32.Build.0 = Debug|Win32
		{9EAD5C4C-4276-40F5-BA82-EF279C2DBF82}.Debug|x64.ActiveCfg = Debug|Win32
		{9EAD5C4C-4276-40F5-BA82-EF279C2DBF82}.Release|Win32.ActiveCfg = Release|Win32
		{9EAD5C4C-4276-40F5-BA82-EF279C2DBF82}.Release|Win32.Build.0 = Release|Win32
		{9EAD5C4C-4276-40F5-BA82-EF279C2DBF82}.Release|x64.ActiveCfg = Release|Win32
		{AAA8A252-2A0A-402A-A639-176ED040CCA7}.Debug|Win32.ActiveCfg = Debug|Win32
		{AAA8A252-2A0A-402A-A639-176ED040CCA7}.Debug|Win32.Build.0 = Debug|Win32
		{AAA8A252-2A0A-402A-A639-176ED040CCA7}.Debug|x64.ActiveCfg = Debug|Win32
		{AAA8A252-2A0A-402A-A639-176ED040CCA7}.Release|Win32.ActiveCfg = Release|Win32
		{AAA8A252-2A0A-402A-A639-176ED040CCA7}.Release|Win32.Build.0 = Release|Win32
		{AAA8A252-2A0A-402A-A639-176ED040CCA7}.Release|x64.ActiveCfg = Release|Win32
		{E26E36E4-4C7D-443F-AB70-7477DB774082}.Debug|Win32.ActiveCfg = Debug|Win32
		{E26E36E4-4C7D-443F-AB70-7477DB774082}.Debug|Win32.Build.0 = Debug|Win32
		{E26E36E4-4C7D-443F-AB70-7477DB774082}.Debug|x64.ActiveCfg = Debug|Win32
		{E26E36E4-4C7D-443F-AB70-7477DB774082}.Release|Win32.ActiveCfg = Release|Win32
		{E26E36E4-4C7D-443F-AB70-7477DB774082}.Release|Win32.Build.0 = Release|Win32
		{E26E36E4-4C7D-443F-AB70-7477DB774082}.Release|x64.ActiveCfg = Release|Win32
		{19226C00-EFF9-48FA-8A75-3F1642F5AE9C}.Debug|Win32.ActiveCfg = Debug|Win32
		{19226C00-EFF9-48FA-8A75-3F1642F5AE9C}.Debug|Win32.Build.0 = Debug|Win32
		{19226C00-EFF9-48FA-8A75-3F1642F5AE9C}.Debug|x64.ActiveCfg = Debug|Win32
		{19226C00-EFF9-48FA-8A75-3F1642F5AE9C}.Release|Win32.ActiveCfg = Release|Win32
		{19226C00-EFF9-48FA-8A75-3F1642F5AE9C}.Release|Win32.Build.0 = Release|Win32
		{19226C00-EFF9-48FA-8A75-3F1642F5AE9C}.Release|x64.ActiveCfg = Release|Win32
		{B17AA49D-1701-4B6D-8152-1EB436F8576C}.Debug|Win32.ActiveCfg = Debug|Win32
		{B17AA49D-1701-4B6D-8152-1EB436F8576C}.Debug|Win32.Build.0 = Debug|Win32
		{B17AA49D-1701-4B6D-8152-1EB436F8576C}.Debug|x64.ActiveCfg = Debug|Win32
		{B17AA49D-1701-4B6D-8152-1EB436F8576C}.Release|Win32.ActiveCfg = Release|Win32
		{B17AA49D-1701-4B6D-8152-1EB436F8576C}.Release|Win32.Build.0 = Release|Win32
		{B17AA49D-1701-4B6D-8152-1EB436F8576C}.Release|x64.ActiveCfg = Release|Win32
		{EE9C77EE-2404-4E69-BD66-D07586484C30}.Debug|Win32.ActiveCfg = Debug|Win32
		{EE9C77EE-2404-4E69-BD66-D07586484C30}.Debug|Win32.Build.0 = Debug|Win32
		{EE9C77EE-2404-4E69-BD66-D07586484C30}.Debug|x64.ActiveCfg = Debug|Win32
		{EE9C77EE-2404-4E69-BD66-D07586484C30}.Release|Win32.ActiveCfg = Release|Win32
		{EE9C77EE-2404-4E69-BD66-D07586484C30}.Release|Win32.Build.0 = Release|Win32
		{EE9C77EE-2404-4E69-BD66-D07586484C30}.Release|x64.ActiveCfg = Release|Win32
	EndGlobalSection
	GlobalSection(SolutionProperties) = preSolution
		HideSolutionNode = FALSE
	EndGlobalSection
EndGlobal
